// !$*UTF8*$!
{
	archiveVersion = 1;
	classes = {
	};
	objectVersion = 50;
	objects = {

/* Begin PBXBuildFile section */
		9164D9242292A39300BCE3BF /* AppDelegate.m in Sources */ = {isa = PBXBuildFile; fileRef = 9164D9232292A39300BCE3BF /* AppDelegate.m */; };
		9164D9272292A39300BCE3BF /* ViewController.m in Sources */ = {isa = PBXBuildFile; fileRef = 9164D9262292A39300BCE3BF /* ViewController.m */; };
		9164D92A2292A39300BCE3BF /* Main.storyboard in Resources */ = {isa = PBXBuildFile; fileRef = 9164D9282292A39300BCE3BF /* Main.storyboard */; };
		9164D92C2292A39500BCE3BF /* Assets.xcassets in Resources */ = {isa = PBXBuildFile; fileRef = 9164D92B2292A39500BCE3BF /* Assets.xcassets */; };
		9164D92F2292A39500BCE3BF /* LaunchScreen.storyboard in Resources */ = {isa = PBXBuildFile; fileRef = 9164D92D2292A39500BCE3BF /* LaunchScreen.storyboard */; };
		9164D9322292A39500BCE3BF /* main.m in Sources */ = {isa = PBXBuildFile; fileRef = 9164D9312292A39500BCE3BF /* main.m */; };
		9164D9402292AA6700BCE3BF /* VideoToolbox.framework in Frameworks */ = {isa = PBXBuildFile; fileRef = 9164D93E2292AA6700BCE3BF /* VideoToolbox.framework */; };
		9164D9412292AA6700BCE3BF /* CoreVideo.framework in Frameworks */ = {isa = PBXBuildFile; fileRef = 9164D93F2292AA6700BCE3BF /* CoreVideo.framework */; };
/* End PBXBuildFile section */

/* Begin PBXFileReference section */
		9164D91F2292A39300BCE3BF /* AVMediaPermission.app */ = {isa = PBXFileReference; explicitFileType = wrapper.application; includeInIndex = 0; path = AVMediaPermission.app; sourceTree = BUILT_PRODUCTS_DIR; };
		9164D9222292A39300BCE3BF /* AppDelegate.h */ = {isa = PBXFileReference; lastKnownFileType = sourcecode.c.h; path = AppDelegate.h; sourceTree = "<group>"; };
		9164D9232292A39300BCE3BF /* AppDelegate.m */ = {isa = PBXFileReference; lastKnownFileType = sourcecode.c.objc; path = AppDelegate.m; sourceTree = "<group>"; };
		9164D9252292A39300BCE3BF /* ViewController.h */ = {isa = PBXFileReference; lastKnownFileType = sourcecode.c.h; path = ViewController.h; sourceTree = "<group>"; };
		9164D9262292A39300BCE3BF /* ViewController.m */ = {isa = PBXFileReference; lastKnownFileType = sourcecode.c.objc; path = ViewController.m; sourceTree = "<group>"; };
		9164D9292292A39300BCE3BF /* Base */ = {isa = PBXFileReference; lastKnownFileType = file.storyboard; name = Base; path = Base.lproj/Main.storyboard; sourceTree = "<group>"; };
		9164D92B2292A39500BCE3BF /* Assets.xcassets */ = {isa = PBXFileReference; lastKnownFileType = folder.assetcatalog; path = Assets.xcassets; sourceTree = "<group>"; };
		9164D92E2292A39500BCE3BF /* Base */ = {isa = PBXFileReference; lastKnownFileType = file.storyboard; name = Base; path = Base.lproj/LaunchScreen.storyboard; sourceTree = "<group>"; };
		9164D9302292A39500BCE3BF /* Info.plist */ = {isa = PBXFileReference; lastKnownFileType = text.plist.xml; path = Info.plist; sourceTree = "<group>"; };
		9164D9312292A39500BCE3BF /* main.m */ = {isa = PBXFileReference; lastKnownFileType = sourcecode.c.objc; path = main.m; sourceTree = "<group>"; };
		9164D93E2292AA6700BCE3BF /* VideoToolbox.framework */ = {isa = PBXFileReference; lastKnownFileType = wrapper.framework; name = VideoToolbox.framework; path = System/Library/Frameworks/VideoToolbox.framework; sourceTree = SDKROOT; };
		9164D93F2292AA6700BCE3BF /* CoreVideo.framework */ = {isa = PBXFileReference; lastKnownFileType = wrapper.framework; name = CoreVideo.framework; path = System/Library/Frameworks/CoreVideo.framework; sourceTree = SDKROOT; };
/* End PBXFileReference section */

/* Begin PBXFrameworksBuildPhase section */
		9164D91C2292A39300BCE3BF /* Frameworks */ = {
			isa = PBXFrameworksBuildPhase;
			buildActionMask = 2147483647;
			files = (
				9164D9402292AA6700BCE3BF /* VideoToolbox.framework in Frameworks */,
				9164D9412292AA6700BCE3BF /* CoreVideo.framework in Frameworks */,
			);
			runOnlyForDeploymentPostprocessing = 0;
		};
/* End PBXFrameworksBuildPhase section */

/* Begin PBXGroup section */
		9164D9162292A39300BCE3BF = {
			isa = PBXGroup;
			children = (
				9164D9212292A39300BCE3BF /* AVMediaPermission */,
				9164D9202292A39300BCE3BF /* Products */,
				9164D9392292A4C500BCE3BF /* Frameworks */,
			);
			sourceTree = "<group>";
		};
		9164D9202292A39300BCE3BF /* Products */ = {
			isa = PBXGroup;
			children = (
				9164D91F2292A39300BCE3BF /* AVMediaPermission.app */,
			);
			name = Products;
			sourceTree = "<group>";
		};
		9164D9212292A39300BCE3BF /* AVMediaPermission */ = {
			isa = PBXGroup;
			children = (
				9164D9222292A39300BCE3BF /* AppDelegate.h */,
				9164D9232292A39300BCE3BF /* AppDelegate.m */,
				9164D9252292A39300BCE3BF /* ViewController.h */,
				9164D9262292A39300BCE3BF /* ViewController.m */,
				9164D9282292A39300BCE3BF /* Main.storyboard */,
				9164D92B2292A39500BCE3BF /* Assets.xcassets */,
				9164D92D2292A39500BCE3BF /* LaunchScreen.storyboard */,
				9164D9302292A39500BCE3BF /* Info.plist */,
				9164D9312292A39500BCE3BF /* main.m */,
			);
			path = AVMediaPermission;
			sourceTree = "<group>";
		};
		9164D9392292A4C500BCE3BF /* Frameworks */ = {
			isa = PBXGroup;
			children = (
				9164D93F2292AA6700BCE3BF /* CoreVideo.framework */,
				9164D93E2292AA6700BCE3BF /* VideoToolbox.framework */,
			);
			name = Frameworks;
			sourceTree = "<group>";
		};
/* End PBXGroup section */

/* Begin PBXNativeTarget section */
		9164D91E2292A39300BCE3BF /* AVMediaPermission */ = {
			isa = PBXNativeTarget;
			buildConfigurationList = 9164D9352292A39500BCE3BF /* Build configuration list for PBXNativeTarget "AVMediaPermission" */;
			buildPhases = (
				9164D91B2292A39300BCE3BF /* Sources */,
				9164D91C2292A39300BCE3BF /* Frameworks */,
				9164D91D2292A39300BCE3BF /* Resources */,
			);
			buildRules = (
			);
			dependencies = (
			);
			name = AVMediaPermission;
			productName = AVMedia;
			productReference = 9164D91F2292A39300BCE3BF /* AVMediaPermission.app */;
			productType = "com.apple.product-type.application";
		};
/* End PBXNativeTarget section */

/* Begin PBXProject section */
		9164D9172292A39300BCE3BF /* Project object */ = {
			isa = PBXProject;
			attributes = {
				LastUpgradeCheck = 1020;
				ORGANIZATIONNAME = veryrtc;
				TargetAttributes = {
					9164D91E2292A39300BCE3BF = {
						CreatedOnToolsVersion = 10.2.1;
						SystemCapabilities = {
							com.apple.ApplicationGroups.iOS = {
								enabled = 0;
							};
							com.apple.BackgroundModes = {
								enabled = 1;
							};
							com.apple.InterAppAudio = {
								enabled = 0;
							};
						};
					};
				};
			};
			buildConfigurationList = 9164D91A2292A39300BCE3BF /* Build configuration list for PBXProject "AVMediaPermission" */;
			compatibilityVersion = "Xcode 9.3";
			developmentRegion = en;
			hasScannedForEncodings = 0;
			knownRegions = (
				en,
				Base,
			);
			mainGroup = 9164D9162292A39300BCE3BF;
			productRefGroup = 9164D9202292A39300BCE3BF /* Products */;
			projectDirPath = "";
			projectRoot = "";
			targets = (
				9164D91E2292A39300BCE3BF /* AVMediaPermission */,
			);
		};
/* End PBXProject section */

/* Begin PBXResourcesBuildPhase section */
		9164D91D2292A39300BCE3BF /* Resources */ = {
			isa = PBXResourcesBuildPhase;
			buildActionMask = 2147483647;
			files = (
				9164D92F2292A39500BCE3BF /* LaunchScreen.storyboard in Resources */,
				9164D92C2292A39500BCE3BF /* Assets.xcassets in Resources */,
				9164D92A2292A39300BCE3BF /* Main.storyboard in Resources */,
			);
			runOnlyForDeploymentPostprocessing = 0;
		};
/* End PBXResourcesBuildPhase section */

/* Begin PBXSourcesBuildPhase section */
		9164D91B2292A39300BCE3BF /* Sources */ = {
			isa = PBXSourcesBuildPhase;
			buildActionMask = 2147483647;
			files = (
				9164D9272292A39300BCE3BF /* ViewController.m in Sources */,
				9164D9322292A39500BCE3BF /* main.m in Sources */,
				9164D9242292A39300BCE3BF /* AppDelegate.m in Sources */,
			);
			runOnlyForDeploymentPostprocessing = 0;
		};
/* End PBXSourcesBuildPhase section */

/* Begin PBXVariantGroup section */
		9164D9282292A39300BCE3BF /* Main.storyboard */ = {
			isa = PBXVariantGroup;
			children = (
				9164D9292292A39300BCE3BF /* Base */,
			);
			name = Main.storyboard;
			sourceTree = "<group>";
		};
		9164D92D2292A39500BCE3BF /* LaunchScreen.storyboard */ = {
			isa = PBXVariantGroup;
			children = (
				9164D92E2292A39500BCE3BF /* Base */,
			);
			name = LaunchScreen.storyboard;
			sourceTree = "<group>";
		};
/* End PBXVariantGroup section */

/* Begin XCBuildConfiguration section */
		9164D9332292A39500BCE3BF /* Debug */ = {
			isa = XCBuildConfiguration;
			buildSettings = {
				ALWAYS_SEARCH_USER_PATHS = NO;
				CLANG_ANALYZER_NONNULL = YES;
				CLANG_ANALYZER_NUMBER_OBJECT_CONVERSION = YES_AGGRESSIVE;
				CLANG_CXX_LANGUAGE_STANDARD = "gnu++14";
				CLANG_CXX_LIBRARY = "libc++";
				CLANG_ENABLE_MODULES = YES;
				CLANG_ENABLE_OBJC_ARC = YES;
				CLANG_ENABLE_OBJC_WEAK = YES;
				CLANG_WARN_BLOCK_CAPTURE_AUTORELEASING = YES;
				CLANG_WARN_BOOL_CONVERSION = YES;
				CLANG_WARN_COMMA = YES;
				CLANG_WARN_CONSTANT_CONVERSION = YES;
				CLANG_WARN_DEPRECATED_OBJC_IMPLEMENTATIONS = YES;
				CLANG_WARN_DIRECT_OBJC_ISA_USAGE = YES_ERROR;
				CLANG_WARN_DOCUMENTATION_COMMENTS = YES;
				CLANG_WARN_EMPTY_BODY = YES;
				CLANG_WARN_ENUM_CONVERSION = YES;
				CLANG_WARN_INFINITE_RECURSION = YES;
				CLANG_WARN_INT_CONVERSION = YES;
				CLANG_WARN_NON_LITERAL_NULL_CONVERSION = YES;
				CLANG_WARN_OBJC_IMPLICIT_RETAIN_SELF = YES;
				CLANG_WARN_OBJC_LITERAL_CONVERSION = YES;
				CLANG_WARN_OBJC_ROOT_CLASS = YES_ERROR;
				CLANG_WARN_RANGE_LOOP_ANALYSIS = YES;
				CLANG_WARN_STRICT_PROTOTYPES = YES;
				CLANG_WARN_SUSPICIOUS_MOVE = YES;
				CLANG_WARN_UNGUARDED_AVAILABILITY = YES_AGGRESSIVE;
				CLANG_WARN_UNREACHABLE_CODE = YES;
				CLANG_WARN__DUPLICATE_METHOD_MATCH = YES;
				CODE_SIGN_IDENTITY = "iPhone Developer";
				COPY_PHASE_STRIP = NO;
				DEBUG_INFORMATION_FORMAT = dwarf;
				ENABLE_STRICT_OBJC_MSGSEND = YES;
				ENABLE_TESTABILITY = YES;
				GCC_C_LANGUAGE_STANDARD = gnu11;
				GCC_DYNAMIC_NO_PIC = NO;
				GCC_NO_COMMON_BLOCKS = YES;
				GCC_OPTIMIZATION_LEVEL = 0;
				GCC_PREPROCESSOR_DEFINITIONS = (
					"DEBUG=1",
					"$(inherited)",
				);
				GCC_WARN_64_TO_32_BIT_CONVERSION = YES;
				GCC_WARN_ABOUT_RETURN_TYPE = YES_ERROR;
				GCC_WARN_UNDECLARED_SELECTOR = YES;
				GCC_WARN_UNINITIALIZED_AUTOS = YES_AGGRESSIVE;
				GCC_WARN_UNUSED_FUNCTION = YES;
				GCC_WARN_UNUSED_VARIABLE = YES;
				IPHONEOS_DEPLOYMENT_TARGET = 12.2;
				MTL_ENABLE_DEBUG_INFO = INCLUDE_SOURCE;
				MTL_FAST_MATH = YES;
				ONLY_ACTIVE_ARCH = YES;
				SDKROOT = iphoneos;
			};
			name = Debug;
		};
		9164D9342292A39500BCE3BF /* Release */ = {
			isa = XCBuildConfiguration;
			buildSettings = {
				ALWAYS_SEARCH_USER_PATHS = NO;
				CLANG_ANALYZER_NONNULL = YES;
				CLANG_ANALYZER_NUMBER_OBJECT_CONVERSION = YES_AGGRESSIVE;
				CLANG_CXX_LANGUAGE_STANDARD = "gnu++14";
				CLANG_CXX_LIBRARY = "libc++";
				CLANG_ENABLE_MODULES = YES;
				CLANG_ENABLE_OBJC_ARC = YES;
				CLANG_ENABLE_OBJC_WEAK = YES;
				CLANG_WARN_BLOCK_CAPTURE_AUTORELEASING = YES;
				CLANG_WARN_BOOL_CONVERSION = YES;
				CLANG_WARN_COMMA = YES;
				CLANG_WARN_CONSTANT_CONVERSION = YES;
				CLANG_WARN_DEPRECATED_OBJC_IMPLEMENTATIONS = YES;
				CLANG_WARN_DIRECT_OBJC_ISA_USAGE = YES_ERROR;
				CLANG_WARN_DOCUMENTATION_COMMENTS = YES;
				CLANG_WARN_EMPTY_BODY = YES;
				CLANG_WARN_ENUM_CONVERSION = YES;
				CLANG_WARN_INFINITE_RECURSION = YES;
				CLANG_WARN_INT_CONVERSION = YES;
				CLANG_WARN_NON_LITERAL_NULL_CONVERSION = YES;
				CLANG_WARN_OBJC_IMPLICIT_RETAIN_SELF = YES;
				CLANG_WARN_OBJC_LITERAL_CONVERSION = YES;
				CLANG_WARN_OBJC_ROOT_CLASS = YES_ERROR;
				CLANG_WARN_RANGE_LOOP_ANALYSIS = YES;
				CLANG_WARN_STRICT_PROTOTYPES = YES;
				CLANG_WARN_SUSPICIOUS_MOVE = YES;
				CLANG_WARN_UNGUARDED_AVAILABILITY = YES_AGGRESSIVE;
				CLANG_WARN_UNREACHABLE_CODE = YES;
				CLANG_WARN__DUPLICATE_METHOD_MATCH = YES;
				CODE_SIGN_IDENTITY = "iPhone Developer";
				COPY_PHASE_STRIP = NO;
				DEBUG_INFORMATION_FORMAT = "dwarf-with-dsym";
				ENABLE_NS_ASSERTIONS = NO;
				ENABLE_STRICT_OBJC_MSGSEND = YES;
				GCC_C_LANGUAGE_STANDARD = gnu11;
				GCC_NO_COMMON_BLOCKS = YES;
				GCC_WARN_64_TO_32_BIT_CONVERSION = YES;
				GCC_WARN_ABOUT_RETURN_TYPE = YES_ERROR;
				GCC_WARN_UNDECLARED_SELECTOR = YES;
				GCC_WARN_UNINITIALIZED_AUTOS = YES_AGGRESSIVE;
				GCC_WARN_UNUSED_FUNCTION = YES;
				GCC_WARN_UNUSED_VARIABLE = YES;
				IPHONEOS_DEPLOYMENT_TARGET = 12.2;
				MTL_ENABLE_DEBUG_INFO = NO;
				MTL_FAST_MATH = YES;
				SDKROOT = iphoneos;
				VALIDATE_PRODUCT = YES;
			};
			name = Release;
		};
		9164D9362292A39500BCE3BF /* Debug */ = {
			isa = XCBuildConfiguration;
			buildSettings = {
				ASSETCATALOG_COMPILER_APPICON_NAME = AppIcon;
				CODE_SIGN_STYLE = Automatic;
				DEVELOPMENT_TEAM = 968D6N3826;
				INFOPLIST_FILE = "$(SRCROOT)/AVMediaPermission/Info.plist";
				IPHONEOS_DEPLOYMENT_TARGET = 8.0;
				LD_RUNPATH_SEARCH_PATHS = (
					"$(inherited)",
					"@executable_path/Frameworks",
				);
				PRODUCT_BUNDLE_IDENTIFIER = com.veryrtc.AVMediaPermission;
				PRODUCT_NAME = "$(TARGET_NAME)";
				TARGETED_DEVICE_FAMILY = "1,2";
			};
			name = Debug;
		};
		9164D9372292A39500BCE3BF /* Release */ = {
			isa = XCBuildConfiguration;
			buildSettings = {
				ASSETCATALOG_COMPILER_APPICON_NAME = AppIcon;
				CODE_SIGN_STYLE = Automatic;
				DEVELOPMENT_TEAM = 968D6N3826;
				INFOPLIST_FILE = "$(SRCROOT)/AVMediaPermission/Info.plist";
				IPHONEOS_DEPLOYMENT_TARGET = 8.0;
				LD_RUNPATH_SEARCH_PATHS = (
					"$(inherited)",
					"@executable_path/Frameworks",
				);
				PRODUCT_BUNDLE_IDENTIFIER = com.veryrtc.AVMediaPermission;
				PRODUCT_NAME = "$(TARGET_NAME)";
				TARGETED_DEVICE_FAMILY = "1,2";
			};
			name = Release;
		};
/* End XCBuildConfiguration section */

/* Begin XCConfigurationList section */
		9164D91A2292A39300BCE3BF /* Build configuration list for PBXProject "AVMediaPermission" */ = {
			isa = XCConfigurationList;
			buildConfigurations = (
				9164D9332292A39500BCE3BF /* Debug */,
				9164D9342292A39500BCE3BF /* Release */,
			);
			defaultConfigurationIsVisible = 0;
			defaultConfigurationName = Release;
		};
		9164D9352292A39500BCE3BF /* Build configuration list for PBXNativeTarget "AVMediaPermission" */ = {
			isa = XCConfigurationList;
			buildConfigurations = (
				9164D9362292A39500BCE3BF /* Debug */,
				9164D9372292A39500BCE3BF /* Release */,
			);
			defaultConfigurationIsVisible = 0;
			defaultConfigurationName = Release;
		};
/* End XCConfigurationList section */
	};
	rootObject = 9164D9172292A39300BCE3BF /* Project object */;
}
